
Microsoft Visual Studio Solution File, Format Version 12.00
# Visual Studio Version 17
VisualStudioVersion = 17.6.33829.357
MinimumVisualStudioVersion = 10.0.40219.1
Project("{9A19103F-16F7-4668-BE54-9A1E7A4F7556}") = "GuessingGame", "GuessingGame\GuessingGame.csproj", "{7F09B5DD-EAC6-43EF-AEFC-252A450497D0}"
EndProject
Project("{9A19103F-16F7-4668-BE54-9A1E7A4F7556}") = "VectorImplementations", "VectorImplementations\VectorImplementations.csproj", "{A5E864FD-4BE9-4CD7-92E1-1208EEAC8ADE}"
EndProject
Project("{9A19103F-16F7-4668-BE54-9A1E7A4F7556}") = "EmpiricalAnalysis", "EmpiricalAnalysis\EmpiricalAnalysis.csproj", "{3C184CC6-4B0D-4439-A9B5-81F71E57204C}"
EndProject
Project("{9A19103F-16F7-4668-BE54-9A1E7A4F7556}") = "AlgorithmExamples", "AlgorithmExamples\AlgorithmExamples.csproj", "{7EB8994E-682E-4029-A319-99DB537AEE02}"
EndProject
Project("{9A19103F-16F7-4668-BE54-9A1E7A4F7556}") = "AsymptoticAnalysisExamples", "AsymptoticAnalysisExamples\AsymptoticAnalysisExamples.csproj", "{F6C5CD4B-CE03-484B-B058-8583741D963F}"
EndProject
Project("{9A19103F-16F7-4668-BE54-9A1E7A4F7556}") = "TreeProject2", "TreeProject2\TreeProject2.csproj", "{76C707B3-10A5-4429-B1D1-FC022232BA6B}"
EndProject
Project("{9A19103F-16F7-4668-BE54-9A1E7A4F7556}") = "SortingApp", "SortingApp\SortingApp.csproj", "{D1768EFE-EDE2-4C19-995F-81AF6EBF23C8}"
EndProject
Project("{FAE04EC0-301F-11D3-BF4B-00C04F79EFBC}") = "PRNG", "PRNG\PRNG.csproj", "{E3BF79C2-F439-4961-B9F6-34CC2C6DEBBF}"
EndProject
Global
	GlobalSection(SolutionConfigurationPlatforms) = preSolution
		Debug|Any CPU = Debug|Any CPU
		Release|Any CPU = Release|Any CPU
	EndGlobalSection
	GlobalSection(ProjectConfigurationPlatforms) = postSolution
		{7F09B5DD-EAC6-43EF-AEFC-252A450497D0}.Debug|Any CPU.ActiveCfg = Debug|Any CPU
		{7F09B5DD-EAC6-43EF-AEFC-252A450497D0}.Debug|Any CPU.Build.0 = Debug|Any CPU
		{7F09B5DD-EAC6-43EF-AEFC-252A450497D0}.Release|Any CPU.ActiveCfg = Release|Any CPU
		{7F09B5DD-EAC6-43EF-AEFC-252A450497D0}.Release|Any CPU.Build.0 = Release|Any CPU
		{A5E864FD-4BE9-4CD7-92E1-1208EEAC8ADE}.Debug|Any CPU.ActiveCfg = Debug|Any CPU
		{A5E864FD-4BE9-4CD7-92E1-1208EEAC8ADE}.Debug|Any CPU.Build.0 = Debug|Any CPU
		{A5E864FD-4BE9-4CD7-92E1-1208EEAC8ADE}.Release|Any CPU.ActiveCfg = Release|Any CPU
		{A5E864FD-4BE9-4CD7-92E1-1208EEAC8ADE}.Release|Any CPU.Build.0 = Release|Any CPU
		{3C184CC6-4B0D-4439-A9B5-81F71E57204C}.Debug|Any CPU.ActiveCfg = Debug|Any CPU
		{3C184CC6-4B0D-4439-A9B5-81F71E57204C}.Debug|Any CPU.Build.0 = Debug|Any CPU
		{3C184CC6-4B0D-4439-A9B5-81F71E57204C}.Release|Any CPU.ActiveCfg = Release|Any CPU
		{3C184CC6-4B0D-4439-A9B5-81F71E57204C}.Release|Any CPU.Build.0 = Release|Any CPU
		{7EB8994E-682E-4029-A319-99DB537AEE02}.Debug|Any CPU.ActiveCfg = Debug|Any CPU
		{7EB8994E-682E-4029-A319-99DB537AEE02}.Debug|Any CPU.Build.0 = Debug|Any CPU
		{7EB8994E-682E-4029-A319-99DB537AEE02}.Release|Any CPU.ActiveCfg = Release|Any CPU
		{7EB8994E-682E-4029-A319-99DB537AEE02}.Release|Any CPU.Build.0 = Release|Any CPU
		{F6C5CD4B-CE03-484B-B058-8583741D963F}.Debug|Any CPU.ActiveCfg = Debug|Any CPU
		{F6C5CD4B-CE03-484B-B058-8583741D963F}.Debug|Any CPU.Build.0 = Debug|Any CPU
		{F6C5CD4B-CE03-484B-B058-8583741D963F}.Release|Any CPU.ActiveCfg = Release|Any CPU
		{F6C5CD4B-CE03-484B-B058-8583741D963F}.Release|Any CPU.Build.0 = Release|Any CPU
		{76C707B3-10A5-4429-B1D1-FC022232BA6B}.Debug|Any CPU.ActiveCfg = Debug|Any CPU
		{76C707B3-10A5-4429-B1D1-FC022232BA6B}.Debug|Any CPU.Build.0 = Debug|Any CPU
		{76C707B3-10A5-4429-B1D1-FC022232BA6B}.Release|Any CPU.ActiveCfg = Release|Any CPU
		{76C707B3-10A5-4429-B1D1-FC022232BA6B}.Release|Any CPU.Build.0 = Release|Any CPU
		{D1768EFE-EDE2-4C19-995F-81AF6EBF23C8}.Debug|Any CPU.ActiveCfg = Debug|Any CPU
		{D1768EFE-EDE2-4C19-995F-81AF6EBF23C8}.Debug|Any CPU.Build.0 = Debug|Any CPU
		{D1768EFE-EDE2-4C19-995F-81AF6EBF23C8}.Release|Any CPU.ActiveCfg = Release|Any CPU
		{D1768EFE-EDE2-4C19-995F-81AF6EBF23C8}.Release|Any CPU.Build.0 = Release|Any CPU
		{E3BF79C2-F439-4961-B9F6-34CC2C6DEBBF}.Debug|Any CPU.ActiveCfg = Debug|Any CPU
		{E3BF79C2-F439-4961-B9F6-34CC2C6DEBBF}.Debug|Any CPU.Build.0 = Debug|Any CPU
		{E3BF79C2-F439-4961-B9F6-34CC2C6DEBBF}.Release|Any CPU.ActiveCfg = Release|Any CPU
		{E3BF79C2-F439-4961-B9F6-34CC2C6DEBBF}.Release|Any CPU.Build.0 = Release|Any CPU
	EndGlobalSection
	GlobalSection(SolutionProperties) = preSolution
		HideSolutionNode = FALSE
	EndGlobalSection
	GlobalSection(ExtensibilityGlobals) = postSolution
		SolutionGuid = {E309E5DE-8D56-4FBF-994C-45FB0823B687}
	EndGlobalSection
EndGlobal
